
Microsoft Visual Studio Solution File, Format Version 12.00
# Visual Studio Version 17
VisualStudioVersion = 17.7.34221.43
MinimumVisualStudioVersion = 10.0.40219.1
Project("{FAE04EC0-301F-11D3-BF4B-00C04F79EFBC}") = "DoomProject", "DoomProject\DoomProject.csproj", "{40292B53-4890-4F4F-B744-5B1FE48FA3CC}"
EndProject
Global
	GlobalSection(SolutionConfigurationPlatforms) = preSolution
		Debug|Any CPU = Debug|Any CPU
		Release|Any CPU = Release|Any CPU
	EndGlobalSection
	GlobalSection(ProjectConfigurationPlatforms) = postSolution
		{40292B53-4890-4F4F-B744-5B1FE48FA3CC}.Debug|Any CPU.ActiveCfg = Debug|Any CPU
		{40292B53-4890-4F4F-B744-5B1FE48FA3CC}.Debug|Any CPU.Build.0 = Debug|Any CPU
		{40292B53-4890-4F4F-B744-5B1FE48FA3CC}.Release|Any CPU.ActiveCfg = Release|Any CPU
		{40292B53-4890-4F4F-B744-5B1FE48FA3CC}.Release|Any CPU.Build.0 = Release|Any CPU
	EndGlobalSection
	GlobalSection(SolutionProperties) = preSolution
		HideSolutionNode = FALSE
	EndGlobalSection
	GlobalSection(ExtensibilityGlobals) = postSolution
		SolutionGuid = {FFFB5B47-C01C-45F8-AADD-558FA4B48196}
	EndGlobalSection
EndGlobal
